
Microsoft Visual Studio Solution File, Format Version 12.00
# Visual Studio 15
VisualStudioVersion = 15.0.27130.2036
MinimumVisualStudioVersion = 10.0.40219.1
Project("{8BC9CEB8-8B4A-11D0-8D11-00A0C91BC942}") = "EX05_3", "EX05_3.vcxproj", "{01209E68-A536-4C89-AE9B-AD278DD6D19E}"
EndProject
Global
	GlobalSection(SolutionConfigurationPlatforms) = preSolution
		Debug|x64 = Debug|x64
		Debug|x86 = Debug|x86
		Release|x64 = Release|x64
		Release|x86 = Release|x86
	EndGlobalSection
	GlobalSection(ProjectConfigurationPlatforms) = postSolution
		{01209E68-A536-4C89-AE9B-AD278DD6D19E}.Debug|x64.ActiveCfg = Debug|x64
		{01209E68-A536-4C89-AE9B-AD278DD6D19E}.Debug|x64.Build.0 = Debug|x64
		{01209E68-A536-4C89-AE9B-AD278DD6D19E}.Debug|x86.ActiveCfg = Debug|Win32
		{01209E68-A536-4C89-AE9B-AD278DD6D19E}.Debug|x86.Build.0 = Debug|Win32
		{01209E68-A536-4C89-AE9B-AD278DD6D19E}.Release|x64.ActiveCfg = Release|x64
		{01209E68-A536-4C89-AE9B-AD278DD6D19E}.Release|x64.Build.0 = Release|x64
		{01209E68-A536-4C89-AE9B-AD278DD6D19E}.Release|x86.ActiveCfg = Release|Win32
		{01209E68-A536-4C89-AE9B-AD278DD6D19E}.Release|x86.Build.0 = Release|Win32
	EndGlobalSection
	GlobalSection(SolutionProperties) = preSolution
		HideSolutionNode = FALSE
	EndGlobalSection
	GlobalSection(ExtensibilityGlobals) = postSolution
		SolutionGuid = {9C7D760F-D13A-4524-B054-5CF1FA4F2142}
	EndGlobalSection
EndGlobal
